// !$*UTF8*$!
{
	archiveVersion = 1;
	classes = {
	};
	objectVersion = 110;
	objects = {

/* Begin PBXBuildFile section */
		82C2F5BC30726B71008EBA01 /* WidgetKit.framework in Frameworks */ = {isa = PBXBuildFile; fileRef = 82C2F5BB30726B71008EBA01 /* WidgetKit.framework */; };
		82C2F5BE30726B71008EBA01 /* SwiftUI.framework in Frameworks */ = {isa = PBXBuildFile; fileRef = 82C2F5BD30726B71008EBA01 /* SwiftUI.framework */; };
		82C2F5CB30726B73008EBA01 /* TaskCatchupWidgetsExtension.appex in Embed Foundation Extensions */ = {isa = PBXBuildFile; fileRef = 82C2F5B930726B71008EBA01 /* TaskCatchupWidgetsExtension.appex */; settings = {ATTRIBUTES = (RemoveHeadersOnCopy, ); }; };
/* End PBXBuildFile section */

/* Begin PBXContainerItemProxy section */
		822F43B1306E64B600737E1C /* PBXContainerItemProxy */ = {
			isa = PBXContainerItemProxy;
			containerPortal = 822F4396306E64B500737E1C /* Project object */;
			proxyType = 1;
			remoteGlobalIDString = 822F439D306E64B500737E1C;
			remoteInfo = TaskCatchupV2;
		};
		822F43BB306E64B600737E1C /* PBXContainerItemProxy */ = {
			isa = PBXContainerItemProxy;
			containerPortal = 822F4396306E64B500737E1C /* Project object */;
			proxyType = 1;
			remoteGlobalIDString = 822F439D306E64B500737E1C;
			remoteInfo = TaskCatchupV2;
		};
		82C2F5C930726B73008EBA01 /* PBXContainerItemProxy */ = {
			isa = PBXContainerItemProxy;
			containerPortal = 822F4396306E64B500737E1C /* Project object */;
			proxyType = 1;
			remoteGlobalIDString = 82C2F5B830726B71008EBA01;
			remoteInfo = TaskCatchupWidgetsExtension;
		};
/* End PBXContainerItemProxy section */

/* Begin PBXCopyFilesBuildPhase section */
		82C2F5CC30726B73008EBA01 /* Embed Foundation Extensions */ = {
			isa = PBXCopyFilesBuildPhase;
			dstPath = "";
			dstSubfolder = PlugIns;
			files = (
				82C2F5CB30726B73008EBA01 /* TaskCatchupWidgetsExtension.appex in Embed Foundation Extensions */,
			);
			name = "Embed Foundation Extensions";
		};
/* End PBXCopyFilesBuildPhase section */

/* Begin PBXFileReference section */
		822F439E306E64B500737E1C /* TaskCatchupV2.app */ = {isa = PBXFileReference; explicitFileType = wrapper.application; includeInIndex = 0; path = TaskCatchupV2.app; sourceTree = BUILT_PRODUCTS_DIR; };
		822F43B0306E64B600737E1C /* TaskCatchupV2Tests.xctest */ = {isa = PBXFileReference; explicitFileType = wrapper.cfbundle; includeInIndex = 0; path = TaskCatchupV2Tests.xctest; sourceTree = BUILT_PRODUCTS_DIR; };
		822F43BA306E64B600737E1C /* TaskCatchupV2UITests.xctest */ = {isa = PBXFileReference; explicitFileType = wrapper.cfbundle; includeInIndex = 0; path = TaskCatchupV2UITests.xctest; sourceTree = BUILT_PRODUCTS_DIR; };
		82C2F5B930726B71008EBA01 /* TaskCatchupWidgetsExtension.appex */ = {isa = PBXFileReference; explicitFileType = "wrapper.app-extension"; includeInIndex = 0; path = TaskCatchupWidgetsExtension.appex; sourceTree = BUILT_PRODUCTS_DIR; };
		82C2F5BB30726B71008EBA01 /* WidgetKit.framework */ = {isa = PBXFileReference; lastKnownFileType = wrapper.framework; name = WidgetKit.framework; path = System/Library/Frameworks/WidgetKit.framework; sourceTree = SDKROOT; };
		82C2F5BD30726B71008EBA01 /* SwiftUI.framework */ = {isa = PBXFileReference; lastKnownFileType = wrapper.framework; name = SwiftUI.framework; path = System/Library/Frameworks/SwiftUI.framework; sourceTree = SDKROOT; };
		82C2F5D130726C2B008EBA01 /* TaskCatchupWidgetsExtension.entitlements */ = {isa = PBXFileReference; lastKnownFileType = text.plist.entitlements; path = TaskCatchupWidgetsExtension.entitlements; sourceTree = "<group>"; };
/* End PBXFileReference section */

/* Begin PBXFileSystemSynchronizedBuildFileExceptionSet section */
		82C2F5CF30726B73008EBA01 /* Exceptions for "TaskCatchupWidgets" folder in "TaskCatchupWidgetsExtension" target */ = {
			isa = PBXFileSystemSynchronizedBuildFileExceptionSet;
			membershipExceptions = (
				Info.plist,
			);
			target = 82C2F5B830726B71008EBA01 /* TaskCatchupWidgetsExtension */;
		};
		82C2F5D330726D13008EBA01 /* Exceptions for "TaskCatchupV2" folder in "TaskCatchupWidgetsExtension" target */ = {
			isa = PBXFileSystemSynchronizedBuildFileExceptionSet;
			membershipExceptions = (
				CoreData/Persistence.swift,
				CoreData/TaskCatchupV2.xcdatamodeld,
				Models/DailyGoal.swift,
				Models/DailySchedule.swift,
				Models/DomainError.swift,
				Models/StudentProfile.swift,
				Repositories/GoalRepository/CoreDataGoalRepository.swift,
				Repositories/GoalRepository/GoalRepository.swift,
			);
			target = 82C2F5B830726B71008EBA01 /* TaskCatchupWidgetsExtension */;
		};
/* End PBXFileSystemSynchronizedBuildFileExceptionSet section */

/* Begin PBXFileSystemSynchronizedRootGroup section */
		822F43A0306E64B500737E1C /* TaskCatchupV2 */ = {
			isa = PBXFileSystemSynchronizedRootGroup;
			exceptions = (
				82C2F5D330726D13008EBA01 /* Exceptions for "TaskCatchupV2" folder in "TaskCatchupWidgetsExtension" target */,
			);
			path = TaskCatchupV2;
			sourceTree = "<group>";
		};
		822F43B3306E64B600737E1C /* TaskCatchupV2Tests */ = {
			isa = PBXFileSystemSynchronizedRootGroup;
			path = TaskCatchupV2Tests;
			sourceTree = "<group>";
		};
		822F43BD306E64B600737E1C /* TaskCatchupV2UITests */ = {
			isa = PBXFileSystemSynchronizedRootGroup;
			path = TaskCatchupV2UITests;
			sourceTree = "<group>";
		};
		82C2F5BF30726B71008EBA01 /* TaskCatchupWidgets */ = {
			isa = PBXFileSystemSynchronizedRootGroup;
			exceptions = (
				82C2F5CF30726B73008EBA01 /* Exceptions for "TaskCatchupWidgets" folder in "TaskCatchupWidgetsExtension" target */,
			);
			path = TaskCatchupWidgets;
			sourceTree = "<group>";
		};
/* End PBXFileSystemSynchronizedRootGroup section */

/* Begin PBXFrameworksBuildPhase section */
		822F439B306E64B500737E1C /* Frameworks */ = {
			isa = PBXFrameworksBuildPhase;
			files = (
			);
		};
		822F43AD306E64B600737E1C /* Frameworks */ = {
			isa = PBXFrameworksBuildPhase;
			files = (
			);
		};
		822F43B7306E64B600737E1C /* Frameworks */ = {
			isa = PBXFrameworksBuildPhase;
			files = (
			);
		};
		82C2F5B630726B71008EBA01 /* Frameworks */ = {
			isa = PBXFrameworksBuildPhase;
			files = (
				82C2F5BE30726B71008EBA01 /* SwiftUI.framework in Frameworks */,
				82C2F5BC30726B71008EBA01 /* WidgetKit.framework in Frameworks */,
			);
		};
/* End PBXFrameworksBuildPhase section */

/* Begin PBXGroup section */
		822F4395306E64B500737E1C = {
			isa = PBXGroup;
			children = (
				82C2F5D130726C2B008EBA01 /* TaskCatchupWidgetsExtension.entitlements */,
				822F43A0306E64B500737E1C /* TaskCatchupV2 */,
				822F43B3306E64B600737E1C /* TaskCatchupV2Tests */,
				822F43BD306E64B600737E1C /* TaskCatchupV2UITests */,
				82C2F5BF30726B71008EBA01 /* TaskCatchupWidgets */,
				82C2F5BA30726B71008EBA01 /* Frameworks */,
				822F439F306E64B500737E1C /* Products */,
			);
			sourceTree = "<group>";
		};
		822F439F306E64B500737E1C /* Products */ = {
			isa = PBXGroup;
			children = (
				822F439E306E64B500737E1C /* TaskCatchupV2.app */,
				822F43B0306E64B600737E1C /* TaskCatchupV2Tests.xctest */,
				822F43BA306E64B600737E1C /* TaskCatchupV2UITests.xctest */,
				82C2F5B930726B71008EBA01 /* TaskCatchupWidgetsExtension.appex */,
			);
			name = Products;
			sourceTree = "<group>";
		};
		82C2F5BA30726B71008EBA01 /* Frameworks */ = {
			isa = PBXGroup;
			children = (
				82C2F5BB30726B71008EBA01 /* WidgetKit.framework */,
				82C2F5BD30726B71008EBA01 /* SwiftUI.framework */,
			);
			name = Frameworks;
			sourceTree = "<group>";
		};
/* End PBXGroup section */

/* Begin PBXNativeTarget section */
		822F439D306E64B500737E1C /* TaskCatchupV2 */ = {
			isa = PBXNativeTarget;
			buildConfigurationList = 822F43C2306E64B600737E1C /* Build configuration list for PBXNativeTarget "TaskCatchupV2" */;
			buildPhases = (
				822F439A306E64B500737E1C /* Sources */,
				822F439B306E64B500737E1C /* Frameworks */,
				822F439C306E64B500737E1C /* Resources */,
				82C2F5CC30726B73008EBA01 /* Embed Foundation Extensions */,
			);
			buildRules = (
			);
			dependencies = (
				82C2F5CA30726B73008EBA01 /* PBXTargetDependency */,
			);
			fileSystemSynchronizedGroups = (
				822F43A0306E64B500737E1C /* TaskCatchupV2 */,
			);
			name = TaskCatchupV2;
			productName = TaskCatchupV2;
			productReference = 822F439E306E64B500737E1C /* TaskCatchupV2.app */;
			productType = "com.apple.product-type.application";
		};
		822F43AF306E64B600737E1C /* TaskCatchupV2Tests */ = {
			isa = PBXNativeTarget;
			buildConfigurationList = 822F43C5306E64B600737E1C /* Build configuration list for PBXNativeTarget "TaskCatchupV2Tests" */;
			buildPhases = (
				822F43AC306E64B600737E1C /* Sources */,
				822F43AD306E64B600737E1C /* Frameworks */,
				822F43AE306E64B600737E1C /* Resources */,
			);
			buildRules = (
			);
			dependencies = (
				822F43B2306E64B600737E1C /* PBXTargetDependency */,
			);
			fileSystemSynchronizedGroups = (
				822F43B3306E64B600737E1C /* TaskCatchupV2Tests */,
			);
			name = TaskCatchupV2Tests;
			productName = TaskCatchupV2Tests;
			productReference = 822F43B0306E64B600737E1C /* TaskCatchupV2Tests.xctest */;
			productType = "com.apple.product-type.bundle.unit-test";
		};
		822F43B9306E64B600737E1C /* TaskCatchupV2UITests */ = {
			isa = PBXNativeTarget;
			buildConfigurationList = 822F43C8306E64B600737E1C /* Build configuration list for PBXNativeTarget "TaskCatchupV2UITests" */;
			buildPhases = (
				822F43B6306E64B600737E1C /* Sources */,
				822F43B7306E64B600737E1C /* Frameworks */,
				822F43B8306E64B600737E1C /* Resources */,
			);
			buildRules = (
			);
			dependencies = (
				822F43BC306E64B600737E1C /* PBXTargetDependency */,
			);
			fileSystemSynchronizedGroups = (
				822F43BD306E64B600737E1C /* TaskCatchupV2UITests */,
			);
			name = TaskCatchupV2UITests;
			productName = TaskCatchupV2UITests;
			productReference = 822F43BA306E64B600737E1C /* TaskCatchupV2UITests.xctest */;
			productType = "com.apple.product-type.bundle.ui-testing";
		};
		82C2F5B830726B71008EBA01 /* TaskCatchupWidgetsExtension */ = {
			isa = PBXNativeTarget;
			buildConfigurationList = 82C2F5D030726B73008EBA01 /* Build configuration list for PBXNativeTarget "TaskCatchupWidgetsExtension" */;
			buildPhases = (
				82C2F5B530726B71008EBA01 /* Sources */,
				82C2F5B630726B71008EBA01 /* Frameworks */,
				82C2F5B730726B71008EBA01 /* Resources */,
			);
			buildRules = (
			);
			fileSystemSynchronizedGroups = (
				82C2F5BF30726B71008EBA01 /* TaskCatchupWidgets */,
			);
			name = TaskCatchupWidgetsExtension;
			productName = TaskCatchupWidgetsExtension;
			productReference = 82C2F5B930726B71008EBA01 /* TaskCatchupWidgetsExtension.appex */;
			productType = "com.apple.product-type.app-extension";
		};
/* End PBXNativeTarget section */

/* Begin PBXProject section */
		822F4396306E64B500737E1C /* Project object */ = {
			isa = PBXProject;
			attributes = {
				BuildIndependentTargetsInParallel = 1;
				LastSwiftUpdateCheck = 2700;
				LastUpgradeCheck = 2700;
				TargetAttributes = {
					822F439D306E64B500737E1C = {
						CreatedOnToolsVersion = 27.0;
					};
					822F43AF306E64B600737E1C = {
						CreatedOnToolsVersion = 27.0;
						TestTargetID = 822F439D306E64B500737E1C;
					};
					822F43B9306E64B600737E1C = {
						CreatedOnToolsVersion = 27.0;
						TestTargetID = 822F439D306E64B500737E1C;
					};
					82C2F5B830726B71008EBA01 = {
						CreatedOnToolsVersion = 27.0;
					};
				};
			};
			buildConfigurationList = 822F4399306E64B500737E1C /* Build configuration list for PBXProject "TaskCatchupV2" */;
			developmentRegion = en;
			hasScannedForEncodings = 0;
			knownRegions = (
				en,
				Base,
			);
			mainGroup = 822F4395306E64B500737E1C;
			minimizedProjectReferenceProxies = 1;
			preferredProjectObjectVersion = 77;
			productRefGroup = 822F439F306E64B500737E1C /* Products */;
			projectDirPath = "";
			projectRoot = "";
			targets = (
				822F439D306E64B500737E1C /* TaskCatchupV2 */,
				822F43AF306E64B600737E1C /* TaskCatchupV2Tests */,
				822F43B9306E64B600737E1C /* TaskCatchupV2UITests */,
				82C2F5B830726B71008EBA01 /* TaskCatchupWidgetsExtension */,
			);
		};
/* End PBXProject section */

/* Begin PBXResourcesBuildPhase section */
		822F439C306E64B500737E1C /* Resources */ = {
			isa = PBXResourcesBuildPhase;
			files = (
			);
		};
		822F43AE306E64B600737E1C /* Resources */ = {
			isa = PBXResourcesBuildPhase;
			files = (
			);
		};
		822F43B8306E64B600737E1C /* Resources */ = {
			isa = PBXResourcesBuildPhase;
			files = (
			);
		};
		82C2F5B730726B71008EBA01 /* Resources */ = {
			isa = PBXResourcesBuildPhase;
			files = (
			);
		};
/* End PBXResourcesBuildPhase section */

/* Begin PBXSourcesBuildPhase section */
		822F439A306E64B500737E1C /* Sources */ = {
			isa = PBXSourcesBuildPhase;
			files = (
			);
		};
		822F43AC306E64B600737E1C /* Sources */ = {
			isa = PBXSourcesBuildPhase;
			files = (
			);
		};
		822F43B6306E64B600737E1C /* Sources */ = {
			isa = PBXSourcesBuildPhase;
			files = (
			);
		};
		82C2F5B530726B71008EBA01 /* Sources */ = {
			isa = PBXSourcesBuildPhase;
			files = (
			);
		};
/* End PBXSourcesBuildPhase section */

/* Begin PBXTargetDependency section */
		822F43B2306E64B600737E1C /* PBXTargetDependency */ = {
			isa = PBXTargetDependency;
			target = 822F439D306E64B500737E1C /* TaskCatchupV2 */;
			targetProxy = 822F43B1306E64B600737E1C /* PBXContainerItemProxy */;
		};
		822F43BC306E64B600737E1C /* PBXTargetDependency */ = {
			isa = PBXTargetDependency;
			target = 822F439D306E64B500737E1C /* TaskCatchupV2 */;
			targetProxy = 822F43BB306E64B600737E1C /* PBXContainerItemProxy */;
		};
		82C2F5CA30726B73008EBA01 /* PBXTargetDependency */ = {
			isa = PBXTargetDependency;
			target = 82C2F5B830726B71008EBA01 /* TaskCatchupWidgetsExtension */;
			targetProxy = 82C2F5C930726B73008EBA01 /* PBXContainerItemProxy */;
		};
/* End PBXTargetDependency section */

/* Begin XCBuildConfiguration section */
		822F43C0306E64B600737E1C /* Debug configuration for PBXProject "TaskCatchupV2" */ = {
			isa = XCBuildConfiguration;
			buildSettings = {
				ALWAYS_SEARCH_USER_PATHS = NO;
				ASSETCATALOG_COMPILER_GENERATE_SWIFT_ASSET_SYMBOL_EXTENSIONS = YES;
				CLANG_ANALYZER_NONNULL = YES;
				CLANG_ANALYZER_NUMBER_OBJECT_CONVERSION = YES_AGGRESSIVE;
				CLANG_CXX_LANGUAGE_STANDARD = "gnu++20";
				CLANG_ENABLE_MODULES = YES;
				CLANG_ENABLE_OBJC_ARC = YES;
				CLANG_ENABLE_OBJC_WEAK = YES;
				CLANG_WARN_BLOCK_CAPTURE_AUTORELEASING = YES;
				CLANG_WARN_BOOL_CONVERSION = YES;
				CLANG_WARN_COMMA = YES;
				CLANG_WARN_CONSTANT_CONVERSION = YES;
				CLANG_WARN_DEPRECATED_OBJC_IMPLEMENTATIONS = YES;
				CLANG_WARN_DIRECT_OBJC_ISA_USAGE = YES_ERROR;
				CLANG_WARN_DOCUMENTATION_COMMENTS = YES;
				CLANG_WARN_EMPTY_BODY = YES;
				CLANG_WARN_ENUM_CONVERSION = YES;
				CLANG_WARN_INFINITE_RECURSION = YES;
				CLANG_WARN_INT_CONVERSION = YES;
				CLANG_WARN_NON_LITERAL_NULL_CONVERSION = YES;
				CLANG_WARN_OBJC_IMPLICIT_RETAIN_SELF = YES;
				CLANG_WARN_OBJC_LITERAL_CONVERSION = YES;
				CLANG_WARN_OBJC_ROOT_CLASS = YES_ERROR;
				CLANG_WARN_QUOTED_INCLUDE_IN_FRAMEWORK_HEADER = YES;
				CLANG_WARN_RANGE_LOOP_ANALYSIS = YES;
				CLANG_WARN_STRICT_PROTOTYPES = YES;
				CLANG_WARN_SUSPICIOUS_MOVE = YES;
				CLANG_WARN_UNGUARDED_AVAILABILITY = YES_AGGRESSIVE;
				CLANG_WARN_UNREACHABLE_CODE = YES;
				CLANG_WARN__DUPLICATE_METHOD_MATCH = YES;
				COPY_PHASE_STRIP = NO;
				DEBUG_INFORMATION_FORMAT = dwarf;
				ENABLE_STRICT_OBJC_MSGSEND = YES;
				ENABLE_TESTABILITY = YES;
				ENABLE_USER_SCRIPT_SANDBOXING = YES;
				GCC_C_LANGUAGE_STANDARD = gnu17;
				GCC_DYNAMIC_NO_PIC = NO;
				GCC_NO_COMMON_BLOCKS = YES;
				GCC_OPTIMIZATION_LEVEL = 0;
				GCC_PREPROCESSOR_DEFINITIONS = (
					"DEBUG=1",
					"$(inherited)",
				);
				GCC_WARN_64_TO_32_BIT_CONVERSION = YES;
				GCC_WARN_ABOUT_RETURN_TYPE = YES_ERROR;
				GCC_WARN_UNDECLARED_SELECTOR = YES;
				GCC_WARN_UNINITIALIZED_AUTOS = YES_AGGRESSIVE;
				GCC_WARN_UNUSED_FUNCTION = YES;
				GCC_WARN_UNUSED_VARIABLE = YES;
				IPHONEOS_DEPLOYMENT_TARGET = 27.0;
				LOCALIZATION_PREFERS_STRING_CATALOGS = YES;
				MTL_ENABLE_DEBUG_INFO = INCLUDE_SOURCE;
				MTL_FAST_MATH = YES;
				ONLY_ACTIVE_ARCH = YES;
				SDKROOT = iphoneos;
				SWIFT_ACTIVE_COMPILATION_CONDITIONS = "DEBUG $(inherited)";
				SWIFT_OPTIMIZATION_LEVEL = "-Onone";
			};
			name = Debug;
		};
		822F43C1306E64B600737E1C /* Release configuration for PBXProject "TaskCatchupV2" */ = {
			isa = XCBuildConfiguration;
			buildSettings = {
				ALWAYS_SEARCH_USER_PATHS = NO;
				ASSETCATALOG_COMPILER_GENERATE_SWIFT_ASSET_SYMBOL_EXTENSIONS = YES;
				CLANG_ANALYZER_NONNULL = YES;
				CLANG_ANALYZER_NUMBER_OBJECT_CONVERSION = YES_AGGRESSIVE;
				CLANG_CXX_LANGUAGE_STANDARD = "gnu++20";
				CLANG_ENABLE_MODULES = YES;
				CLANG_ENABLE_OBJC_ARC = YES;
				CLANG_ENABLE_OBJC_WEAK = YES;
				CLANG_WARN_BLOCK_CAPTURE_AUTORELEASING = YES;
				CLANG_WARN_BOOL_CONVERSION = YES;
				CLANG_WARN_COMMA = YES;
				CLANG_WARN_CONSTANT_CONVERSION = YES;
				CLANG_WARN_DEPRECATED_OBJC_IMPLEMENTATIONS = YES;
				CLANG_WARN_DIRECT_OBJC_ISA_USAGE = YES_ERROR;
				CLANG_WARN_DOCUMENTATION_COMMENTS = YES;
				CLANG_WARN_EMPTY_BODY = YES;
				CLANG_WARN_ENUM_CONVERSION = YES;
				CLANG_WARN_INFINITE_RECURSION = YES;
				CLANG_WARN_INT_CONVERSION = YES;
				CLANG_WARN_NON_LITERAL_NULL_CONVERSION = YES;
				CLANG_WARN_OBJC_IMPLICIT_RETAIN_SELF = YES;
				CLANG_WARN_OBJC_LITERAL_CONVERSION = YES;
				CLANG_WARN_OBJC_ROOT_CLASS = YES_ERROR;
				CLANG_WARN_QUOTED_INCLUDE_IN_FRAMEWORK_HEADER = YES;
				CLANG_WARN_RANGE_LOOP_ANALYSIS = YES;
				CLANG_WARN_STRICT_PROTOTYPES = YES;
				CLANG_WARN_SUSPICIOUS_MOVE = YES;
				CLANG_WARN_UNGUARDED_AVAILABILITY = YES_AGGRESSIVE;
				CLANG_WARN_UNREACHABLE_CODE = YES;
				CLANG_WARN__DUPLICATE_METHOD_MATCH = YES;
				COPY_PHASE_STRIP = NO;
				DEBUG_INFORMATION_FORMAT = "dwarf-with-dsym";
				ENABLE_NS_ASSERTIONS = NO;
				ENABLE_STRICT_OBJC_MSGSEND = YES;
				ENABLE_USER_SCRIPT_SANDBOXING = YES;
				GCC_C_LANGUAGE_STANDARD = gnu17;
				GCC_NO_COMMON_BLOCKS = YES;
				GCC_WARN_64_TO_32_BIT_CONVERSION = YES;
				GCC_WARN_ABOUT_RETURN_TYPE = YES_ERROR;
				GCC_WARN_UNDECLARED_SELECTOR = YES;
				GCC_WARN_UNINITIALIZED_AUTOS = YES_AGGRESSIVE;
				GCC_WARN_UNUSED_FUNCTION = YES;
				GCC_WARN_UNUSED_VARIABLE = YES;
				IPHONEOS_DEPLOYMENT_TARGET = 27.0;
				LOCALIZATION_PREFERS_STRING_CATALOGS = YES;
				MTL_ENABLE_DEBUG_INFO = NO;
				MTL_FAST_MATH = YES;
				SDKROOT = iphoneos;
				SWIFT_COMPILATION_MODE = wholemodule;
				VALIDATE_PRODUCT = YES;
			};
			name = Release;
		};
		822F43C3306E64B600737E1C /* Debug configuration for PBXNativeTarget "TaskCatchupV2" */ = {
			isa = XCBuildConfiguration;
			buildSettings = {
				ASSETCATALOG_COMPILER_APPICON_NAME = AppIcon;
				ASSETCATALOG_COMPILER_GLOBAL_ACCENT_COLOR_NAME = AccentColor;
				CODE_SIGN_ENTITLEMENTS = TaskCatchupV2/TaskCatchupV2.entitlements;
				CODE_SIGN_STYLE = Automatic;
				CURRENT_PROJECT_VERSION = 1;
				ENABLE_PREVIEWS = YES;
				GENERATE_INFOPLIST_FILE = YES;
				INFOPLIST_KEY_UIApplicationSceneManifest_Generation = YES;
				INFOPLIST_KEY_UIApplicationSupportsIndirectInputEvents = YES;
				INFOPLIST_KEY_UILaunchScreen_Generation = YES;
				INFOPLIST_KEY_UISupportedInterfaceOrientations_iPad = "UIInterfaceOrientationPortrait UIInterfaceOrientationPortraitUpsideDown UIInterfaceOrientationLandscapeLeft UIInterfaceOrientationLandscapeRight";
				INFOPLIST_KEY_UISupportedInterfaceOrientations_iPhone = "UIInterfaceOrientationPortrait UIInterfaceOrientationLandscapeLeft UIInterfaceOrientationLandscapeRight";
				LD_RUNPATH_SEARCH_PATHS = (
					"$(inherited)",
					"@executable_path/Frameworks",
				);
				MARKETING_VERSION = 1.0;
				PRODUCT_BUNDLE_IDENTIFIER = com.bowen.TaskCatchupV2;
				PRODUCT_NAME = "$(TARGET_NAME)";
				REGISTER_APP_GROUPS = YES;
				STRING_CATALOG_GENERATE_SYMBOLS = YES;
				SWIFT_APPROACHABLE_CONCURRENCY = YES;
				SWIFT_DEFAULT_ACTOR_ISOLATION = MainActor;
				SWIFT_EMIT_LOC_STRINGS = YES;
				SWIFT_UPCOMING_FEATURE_MEMBER_IMPORT_VISIBILITY = YES;
				SWIFT_VERSION = 5.0;
				TARGETED_DEVICE_FAMILY = "1,2";
			};
			name = Debug;
		};
		822F43C4306E64B600737E1C /* Release configuration for PBXNativeTarget "TaskCatchupV2" */ = {
			isa = XCBuildConfiguration;
			buildSettings = {
				ASSETCATALOG_COMPILER_APPICON_NAME = AppIcon;
				ASSETCATALOG_COMPILER_GLOBAL_ACCENT_COLOR_NAME = AccentColor;
				CODE_SIGN_ENTITLEMENTS = TaskCatchupV2/TaskCatchupV2.entitlements;
				CODE_SIGN_STYLE = Automatic;
				CURRENT_PROJECT_VERSION = 1;
				ENABLE_PREVIEWS = YES;
				GENERATE_INFOPLIST_FILE = YES;
				INFOPLIST_KEY_UIApplicationSceneManifest_Generation = YES;
				INFOPLIST_KEY_UIApplicationSupportsIndirectInputEvents = YES;
				INFOPLIST_KEY_UILaunchScreen_Generation = YES;
				INFOPLIST_KEY_UISupportedInterfaceOrientations_iPad = "UIInterfaceOrientationPortrait UIInterfaceOrientationPortraitUpsideDown UIInterfaceOrientationLandscapeLeft UIInterfaceOrientationLandscapeRight";
				INFOPLIST_KEY_UISupportedInterfaceOrientations_iPhone = "UIInterfaceOrientationPortrait UIInterfaceOrientationLandscapeLeft UIInterfaceOrientationLandscapeRight";
				LD_RUNPATH_SEARCH_PATHS = (
					"$(inherited)",
					"@executable_path/Frameworks",
				);
				MARKETING_VERSION = 1.0;
				PRODUCT_BUNDLE_IDENTIFIER = com.bowen.TaskCatchupV2;
				PRODUCT_NAME = "$(TARGET_NAME)";
				REGISTER_APP_GROUPS = YES;
				STRING_CATALOG_GENERATE_SYMBOLS = YES;
				SWIFT_APPROACHABLE_CONCURRENCY = YES;
				SWIFT_DEFAULT_ACTOR_ISOLATION = MainActor;
				SWIFT_EMIT_LOC_STRINGS = YES;
				SWIFT_UPCOMING_FEATURE_MEMBER_IMPORT_VISIBILITY = YES;
				SWIFT_VERSION = 5.0;
				TARGETED_DEVICE_FAMILY = "1,2";
			};
			name = Release;
		};
		822F43C6306E64B600737E1C /* Debug configuration for PBXNativeTarget "TaskCatchupV2Tests" */ = {
			isa = XCBuildConfiguration;
			buildSettings = {
				BUNDLE_LOADER = "$(TEST_HOST)";
				CODE_SIGN_STYLE = Automatic;
				CURRENT_PROJECT_VERSION = 1;
				GENERATE_INFOPLIST_FILE = YES;
				IPHONEOS_DEPLOYMENT_TARGET = 27.0;
				MARKETING_VERSION = 1.0;
				PRODUCT_BUNDLE_IDENTIFIER = com.bowen.TaskCatchupV2Tests;
				PRODUCT_NAME = "$(TARGET_NAME)";
				STRING_CATALOG_GENERATE_SYMBOLS = NO;
				SWIFT_APPROACHABLE_CONCURRENCY = YES;
				SWIFT_EMIT_LOC_STRINGS = NO;
				SWIFT_UPCOMING_FEATURE_MEMBER_IMPORT_VISIBILITY = YES;
				SWIFT_VERSION = 5.0;
				TARGETED_DEVICE_FAMILY = "1,2";
				TEST_HOST = "$(BUILT_PRODUCTS_DIR)/TaskCatchupV2.app/$(BUNDLE_EXECUTABLE_FOLDER_PATH)/TaskCatchupV2";
			};
			name = Debug;
		};
		822F43C7306E64B600737E1C /* Release configuration for PBXNativeTarget "TaskCatchupV2Tests" */ = {
			isa = XCBuildConfiguration;
			buildSettings = {
				BUNDLE_LOADER = "$(TEST_HOST)";
				CODE_SIGN_STYLE = Automatic;
				CURRENT_PROJECT_VERSION = 1;
				GENERATE_INFOPLIST_FILE = YES;
				IPHONEOS_DEPLOYMENT_TARGET = 27.0;
				MARKETING_VERSION = 1.0;
				PRODUCT_BUNDLE_IDENTIFIER = com.bowen.TaskCatchupV2Tests;
				PRODUCT_NAME = "$(TARGET_NAME)";
				STRING_CATALOG_GENERATE_SYMBOLS = NO;
				SWIFT_APPROACHABLE_CONCURRENCY = YES;
				SWIFT_EMIT_LOC_STRINGS = NO;
				SWIFT_UPCOMING_FEATURE_MEMBER_IMPORT_VISIBILITY = YES;
				SWIFT_VERSION = 5.0;
				TARGETED_DEVICE_FAMILY = "1,2";
				TEST_HOST = "$(BUILT_PRODUCTS_DIR)/TaskCatchupV2.app/$(BUNDLE_EXECUTABLE_FOLDER_PATH)/TaskCatchupV2";
			};
			name = Release;
		};
		822F43C9306E64B600737E1C /* Debug configuration for PBXNativeTarget "TaskCatchupV2UITests" */ = {
			isa = XCBuildConfiguration;
			buildSettings = {
				CODE_SIGN_STYLE = Automatic;
				CURRENT_PROJECT_VERSION = 1;
				GENERATE_INFOPLIST_FILE = YES;
				MARKETING_VERSION = 1.0;
				PRODUCT_BUNDLE_IDENTIFIER = com.bowen.TaskCatchupV2UITests;
				PRODUCT_NAME = "$(TARGET_NAME)";
				STRING_CATALOG_GENERATE_SYMBOLS = NO;
				SWIFT_APPROACHABLE_CONCURRENCY = YES;
				SWIFT_EMIT_LOC_STRINGS = NO;
				SWIFT_UPCOMING_FEATURE_MEMBER_IMPORT_VISIBILITY = YES;
				SWIFT_VERSION = 5.0;
				TARGETED_DEVICE_FAMILY = "1,2";
				TEST_TARGET_NAME = TaskCatchupV2;
			};
			name = Debug;
		};
		822F43CA306E64B600737E1C /* Release configuration for PBXNativeTarget "TaskCatchupV2UITests" */ = {
			isa = XCBuildConfiguration;
			buildSettings = {
				CODE_SIGN_STYLE = Automatic;
				CURRENT_PROJECT_VERSION = 1;
				GENERATE_INFOPLIST_FILE = YES;
				MARKETING_VERSION = 1.0;
				PRODUCT_BUNDLE_IDENTIFIER = com.bowen.TaskCatchupV2UITests;
				PRODUCT_NAME = "$(TARGET_NAME)";
				STRING_CATALOG_GENERATE_SYMBOLS = NO;
				SWIFT_APPROACHABLE_CONCURRENCY = YES;
				SWIFT_EMIT_LOC_STRINGS = NO;
				SWIFT_UPCOMING_FEATURE_MEMBER_IMPORT_VISIBILITY = YES;
				SWIFT_VERSION = 5.0;
				TARGETED_DEVICE_FAMILY = "1,2";
				TEST_TARGET_NAME = TaskCatchupV2;
			};
			name = Release;
		};
		82C2F5CD30726B73008EBA01 /* Debug configuration for PBXNativeTarget "TaskCatchupWidgetsExtension" */ = {
			isa = XCBuildConfiguration;
			buildSettings = {
				ASSETCATALOG_COMPILER_GLOBAL_ACCENT_COLOR_NAME = AccentColor;
				ASSETCATALOG_COMPILER_WIDGET_BACKGROUND_COLOR_NAME = WidgetBackground;
				CODE_SIGN_ENTITLEMENTS = TaskCatchupWidgetsExtension.entitlements;
				CODE_SIGN_STYLE = Automatic;
				CURRENT_PROJECT_VERSION = 1;
				GENERATE_INFOPLIST_FILE = YES;
				INFOPLIST_FILE = TaskCatchupWidgets/Info.plist;
				INFOPLIST_KEY_CFBundleDisplayName = TaskCatchupWidgets;
				INFOPLIST_KEY_NSHumanReadableCopyright = "";
				LD_RUNPATH_SEARCH_PATHS = (
					"$(inherited)",
					"@executable_path/Frameworks",
					"@executable_path/../../Frameworks",
				);
				MARKETING_VERSION = 1.0;
				PRODUCT_BUNDLE_IDENTIFIER = com.bowen.TaskCatchupV2.TaskCatchupWidgets;
				PRODUCT_NAME = "$(TARGET_NAME)";
				REGISTER_APP_GROUPS = YES;
				SKIP_INSTALL = YES;
				STRING_CATALOG_GENERATE_SYMBOLS = YES;
				SWIFT_APPROACHABLE_CONCURRENCY = YES;
				SWIFT_EMIT_LOC_STRINGS = YES;
				SWIFT_UPCOMING_FEATURE_MEMBER_IMPORT_VISIBILITY = YES;
				SWIFT_VERSION = 5.0;
				TARGETED_DEVICE_FAMILY = "1,2";
			};
			name = Debug;
		};
		82C2F5CE30726B73008EBA01 /* Release configuration for PBXNativeTarget "TaskCatchupWidgetsExtension" */ = {
			isa = XCBuildConfiguration;
			buildSettings = {
				ASSETCATALOG_COMPILER_GLOBAL_ACCENT_COLOR_NAME = AccentColor;
				ASSETCATALOG_COMPILER_WIDGET_BACKGROUND_COLOR_NAME = WidgetBackground;
				CODE_SIGN_ENTITLEMENTS = TaskCatchupWidgetsExtension.entitlements;
				CODE_SIGN_STYLE = Automatic;
				CURRENT_PROJECT_VERSION = 1;
				GENERATE_INFOPLIST_FILE = YES;
				INFOPLIST_FILE = TaskCatchupWidgets/Info.plist;
				INFOPLIST_KEY_CFBundleDisplayName = TaskCatchupWidgets;
				INFOPLIST_KEY_NSHumanReadableCopyright = "";
				LD_RUNPATH_SEARCH_PATHS = (
					"$(inherited)",
					"@executable_path/Frameworks",
					"@executable_path/../../Frameworks",
				);
				MARKETING_VERSION = 1.0;
				PRODUCT_BUNDLE_IDENTIFIER = com.bowen.TaskCatchupV2.TaskCatchupWidgets;
				PRODUCT_NAME = "$(TARGET_NAME)";
				REGISTER_APP_GROUPS = YES;
				SKIP_INSTALL = YES;
				STRING_CATALOG_GENERATE_SYMBOLS = YES;
				SWIFT_APPROACHABLE_CONCURRENCY = YES;
				SWIFT_EMIT_LOC_STRINGS = YES;
				SWIFT_UPCOMING_FEATURE_MEMBER_IMPORT_VISIBILITY = YES;
				SWIFT_VERSION = 5.0;
				TARGETED_DEVICE_FAMILY = "1,2";
			};
			name = Release;
		};
/* End XCBuildConfiguration section */

/* Begin XCConfigurationList section */
		822F4399306E64B500737E1C /* Build configuration list for PBXProject "TaskCatchupV2" */ = {
			isa = XCConfigurationList;
			buildConfigurations = (
				822F43C0306E64B600737E1C /* Debug configuration for PBXProject "TaskCatchupV2" */,
				822F43C1306E64B600737E1C /* Release configuration for PBXProject "TaskCatchupV2" */,
			);
			defaultConfigurationName = Release;
		};
		822F43C2306E64B600737E1C /* Build configuration list for PBXNativeTarget "TaskCatchupV2" */ = {
			isa = XCConfigurationList;
			buildConfigurations = (
				822F43C3306E64B600737E1C /* Debug configuration for PBXNativeTarget "TaskCatchupV2" */,
				822F43C4306E64B600737E1C /* Release configuration for PBXNativeTarget "TaskCatchupV2" */,
			);
			defaultConfigurationName = Release;
		};
		822F43C5306E64B600737E1C /* Build configuration list for PBXNativeTarget "TaskCatchupV2Tests" */ = {
			isa = XCConfigurationList;
			buildConfigurations = (
				822F43C6306E64B600737E1C /* Debug configuration for PBXNativeTarget "TaskCatchupV2Tests" */,
				822F43C7306E64B600737E1C /* Release configuration for PBXNativeTarget "TaskCatchupV2Tests" */,
			);
			defaultConfigurationName = Release;
		};
		822F43C8306E64B600737E1C /* Build configuration list for PBXNativeTarget "TaskCatchupV2UITests" */ = {
			isa = XCConfigurationList;
			buildConfigurations = (
				822F43C9306E64B600737E1C /* Debug configuration for PBXNativeTarget "TaskCatchupV2UITests" */,
				822F43CA306E64B600737E1C /* Release configuration for PBXNativeTarget "TaskCatchupV2UITests" */,
			);
			defaultConfigurationName = Release;
		};
		82C2F5D030726B73008EBA01 /* Build configuration list for PBXNativeTarget "TaskCatchupWidgetsExtension" */ = {
			isa = XCConfigurationList;
			buildConfigurations = (
				82C2F5CD30726B73008EBA01 /* Debug configuration for PBXNativeTarget "TaskCatchupWidgetsExtension" */,
				82C2F5CE30726B73008EBA01 /* Release configuration for PBXNativeTarget "TaskCatchupWidgetsExtension" */,
			);
			defaultConfigurationName = Release;
		};
/* End XCConfigurationList section */
	};
	rootObject = 822F4396306E64B500737E1C /* Project object */;
	validationLevel = 1;
}
